{
  "lockfileVersion": 1,
  "configVersion": 1,
  "workspaces": {
    "": {
      "name": "open-azdo",
      "devDependencies": {
        "@effect/language-service": "0.81.0",
        "@types/bun": "1.3.10",
        "@types/turndown": "5.0.6",
        "@typescript/native-preview": "7.0.0-dev.20260321.1",
        "oxfmt": "0.41.0",
        "oxlint": "1.56.0",
        "oxlint-tsgolint": "0.17.1",
        "turbo": "^2.8.18",
        "typescript": "6.0.0-dev.20260321",
      },
    },
    "apps/open-azdo": {
      "name": "open-azdo",
      "version": "0.2.9",
      "bin": {
        "open-azdo": "./dist/open-azdo.js",
      },
      "dependencies": {
        "@effect/platform-bun": "4.0.0-beta.33",
        "effect": "4.0.0-beta.33",
      },
    },
    "packages/azdo": {
      "name": "@open-azdo/azdo",
      "version": "0.1.10",
      "dependencies": {
        "@open-azdo/core": "workspace:*",
        "effect": "4.0.0-beta.33",
        "turndown": "7.2.2",
      },
    },
    "packages/core": {
      "name": "@open-azdo/core",
      "version": "0.1.10",
      "dependencies": {
        "@effect/platform-bun": "4.0.0-beta.33",
        "effect": "4.0.0-beta.33",
      },
    },
    "packages/workflows": {
      "name": "@open-azdo/workflows",
      "version": "0.1.10",
      "dependencies": {
        "@open-azdo/azdo": "workspace:*",
        "@open-azdo/core": "workspace:*",
        "effect": "4.0.0-beta.33",
      },
    },
  },
  "packages": {
    "@effect/language-service": ["@effect/language-service@0.81.0", "", { "bin": { "effect-language-service": "cli.js" } }, "sha512-7MYFsq9w9l2MkUw5/33fiG3YAkgnT6U1mwV0QvhokhnLhPW9cIetwAHNtXwsgr5omPQheLuflTIAFvPaZLQcPw=="],

    "@effect/platform-bun": ["@effect/platform-bun@4.0.0-beta.33", "", { "dependencies": { "@effect/platform-node-shared": "^4.0.0-beta.33" }, "peerDependencies": { "effect": "^4.0.0-beta.33" } }, "sha512-CtjRdSC9ZFGREw0PYL5Y1bGVo3pOZ3ZkwtO9aWU699Tq6I+/o4HJLfKKLfo2G17BAkEoq0Gn6hyoQqFxUcplWg=="],

    "@effect/platform-node-shared": ["@effect/platform-node-shared@4.0.0-beta.33", "", { "dependencies": { "@types/ws": "^8.18.1", "ws": "^8.19.0" }, "peerDependencies": { "effect": "^4.0.0-beta.33" } }, "sha512-jaJnvYz1IiPZyN//fCJsvwnmujJS5KD8noCVVLhb4ZGCWKhQpt0x2iuax6HFzMlPEQSfl04GLU+PVKh0nkzPyA=="],

    "@mixmark-io/domino": ["@mixmark-io/domino@2.2.0", "", {}, "sha512-Y28PR25bHXUg88kCV7nivXrP2Nj2RueZ3/l/jdx6J9f8J4nsEGcgX0Qe6lt7Pa+J79+kPiJU3LguR6O/6zrLOw=="],

    "@msgpackr-extract/msgpackr-extract-darwin-arm64": ["@msgpackr-extract/msgpackr-extract-darwin-arm64@3.0.3", "", { "os": "darwin", "cpu": "arm64" }, "sha512-QZHtlVgbAdy2zAqNA9Gu1UpIuI8Xvsd1v8ic6B2pZmeFnFcMWiPLfWXh7TVw4eGEZ/C9TH281KwhVoeQUKbyjw=="],

    "@msgpackr-extract/msgpackr-extract-darwin-x64": ["@msgpackr-extract/msgpackr-extract-darwin-x64@3.0.3", "", { "os": "darwin", "cpu": "x64" }, "sha512-mdzd3AVzYKuUmiWOQ8GNhl64/IoFGol569zNRdkLReh6LRLHOXxU4U8eq0JwaD8iFHdVGqSy4IjFL4reoWCDFw=="],

    "@msgpackr-extract/msgpackr-extract-linux-arm": ["@msgpackr-extract/msgpackr-extract-linux-arm@3.0.3", "", { "os": "linux", "cpu": "arm" }, "sha512-fg0uy/dG/nZEXfYilKoRe7yALaNmHoYeIoJuJ7KJ+YyU2bvY8vPv27f7UKhGRpY6euFYqEVhxCFZgAUNQBM3nw=="],

    "@msgpackr-extract/msgpackr-extract-linux-arm64": ["@msgpackr-extract/msgpackr-extract-linux-arm64@3.0.3", "", { "os": "linux", "cpu": "arm64" }, "sha512-YxQL+ax0XqBJDZiKimS2XQaf+2wDGVa1enVRGzEvLLVFeqa5kx2bWbtcSXgsxjQB7nRqqIGFIcLteF/sHeVtQg=="],

    "@msgpackr-extract/msgpackr-extract-linux-x64": ["@msgpackr-extract/msgpackr-extract-linux-x64@3.0.3", "", { "os": "linux", "cpu": "x64" }, "sha512-cvwNfbP07pKUfq1uH+S6KJ7dT9K8WOE4ZiAcsrSes+UY55E/0jLYc+vq+DO7jlmqRb5zAggExKm0H7O/CBaesg=="],

    "@msgpackr-extract/msgpackr-extract-win32-x64": ["@msgpackr-extract/msgpackr-extract-win32-x64@3.0.3", "", { "os": "win32", "cpu": "x64" }, "sha512-x0fWaQtYp4E6sktbsdAqnehxDgEc/VwM7uLsRCYWaiGu0ykYdZPiS8zCWdnjHwyiumousxfBm4SO31eXqwEZhQ=="],

    "@open-azdo/azdo": ["@open-azdo/azdo@workspace:packages/azdo"],

    "@open-azdo/core": ["@open-azdo/core@workspace:packages/core"],

    "@open-azdo/workflows": ["@open-azdo/workflows@workspace:packages/workflows"],

    "@oxfmt/binding-android-arm-eabi": ["@oxfmt/binding-android-arm-eabi@0.41.0", "", { "os": "android", "cpu": "arm" }, "sha512-REfrqeMKGkfMP+m/ScX4f5jJBSmVNYcpoDF8vP8f8eYPDuPGZmzp56NIUsYmx3h7f6NzC6cE3gqh8GDWrJHCKw=="],

    "@oxfmt/binding-android-arm64": ["@oxfmt/binding-android-arm64@0.41.0", "", { "os": "android", "cpu": "arm64" }, "sha512-s0b1dxNgb2KomspFV2LfogC2XtSJB42POXF4bMCLJyvQmAGos4ZtjGPfQreToQEaY0FQFjz3030ggI36rF1q5g=="],

    "@oxfmt/binding-darwin-arm64": ["@oxfmt/binding-darwin-arm64@0.41.0", "", { "os": "darwin", "cpu": "arm64" }, "sha512-EGXGualADbv/ZmamE7/2DbsrYmjoPlAmHEpTL4vapLF4EfVD6fr8/uQDFnPJkUBjiSWFJZtFNsGeN1B6V3owmA=="],

    "@oxfmt/binding-darwin-x64": ["@oxfmt/binding-darwin-x64@0.41.0", "", { "os": "darwin", "cpu": "x64" }, "sha512-WxySJEvdQQYMmyvISH3qDpTvoS0ebnIP63IMxLLWowJyPp/AAH0hdWtlo+iGNK5y3eVfa5jZguwNaQkDKWpGSw=="],

    "@oxfmt/binding-freebsd-x64": ["@oxfmt/binding-freebsd-x64@0.41.0", "", { "os": "freebsd", "cpu": "x64" }, "sha512-Y2kzMkv3U3oyuYaR4wTfGjOTYTXiFC/hXmG0yVASKkbh02BJkvD98Ij8bIevr45hNZ0DmZEgqiXF+9buD4yMYQ=="],

    "@oxfmt/binding-linux-arm-gnueabihf": ["@oxfmt/binding-linux-arm-gnueabihf@0.41.0", "", { "os": "linux", "cpu": "arm" }, "sha512-ptazDjdUyhket01IjPTT6ULS1KFuBfTUU97osTP96X5y/0oso+AgAaJzuH81oP0+XXyrWIHbRzozSAuQm4p48g=="],

    "@oxfmt/binding-linux-arm-musleabihf": ["@oxfmt/binding-linux-arm-musleabihf@0.41.0", "", { "os": "linux", "cpu": "arm" }, "sha512-UkoL2OKxFD+56bPEBcdGn+4juTW4HRv/T6w1dIDLnvKKWr6DbarB/mtHXlADKlFiJubJz8pRkttOR7qjYR6lTA=="],

    "@oxfmt/binding-linux-arm64-gnu": ["@oxfmt/binding-linux-arm64-gnu@0.41.0", "", { "os": "linux", "cpu": "arm64" }, "sha512-gofu0PuumSOHYczD8p62CPY4UF6ee+rSLZJdUXkpwxg6pILiwSDBIouPskjF/5nF3A7QZTz2O9KFNkNxxFN9tA=="],

    "@oxfmt/binding-linux-arm64-musl": ["@oxfmt/binding-linux-arm64-musl@0.41.0", "", { "os": "linux", "cpu": "arm64" }, "sha512-VfVZxL0+6RU86T8F8vKiDBa+iHsr8PAjQmKGBzSCAX70b6x+UOMFl+2dNihmKmUwqkCazCPfYjt6SuAPOeQJ3g=="],

    "@oxfmt/binding-linux-ppc64-gnu": ["@oxfmt/binding-linux-ppc64-gnu@0.41.0", "", { "os": "linux", "cpu": "ppc64" }, "sha512-bwzokz2eGvdfJbc0i+zXMJ4BBjQPqg13jyWpEEZDOrBCQ91r8KeY2Mi2kUeuMTZNFXju+jcAbAbpyJxRGla0eg=="],

    "@oxfmt/binding-linux-riscv64-gnu": ["@oxfmt/binding-linux-riscv64-gnu@0.41.0", "", { "os": "linux", "cpu": "none" }, "sha512-POLM//PCH9uqDeNDwWL3b3DkMmI3oI2cU6hwc2lnztD1o7dzrQs3R9nq555BZ6wI7t2lyhT9CS+CRaz5X0XqLA=="],

    "@oxfmt/binding-linux-riscv64-musl": ["@oxfmt/binding-linux-riscv64-musl@0.41.0", "", { "os": "linux", "cpu": "none" }, "sha512-NNK7PzhFqLUwx/G12Xtm6scGv7UITvyGdAR5Y+TlqsG+essnuRWR4jRNODWRjzLZod0T3SayRbnkSIWMBov33w=="],

    "@oxfmt/binding-linux-s390x-gnu": ["@oxfmt/binding-linux-s390x-gnu@0.41.0", "", { "os": "linux", "cpu": "s390x" }, "sha512-qVf/zDC5cN9eKe4qI/O/m445er1IRl6swsSl7jHkqmOSVfknwCe5JXitYjZca+V/cNJSU/xPlC5EFMabMMFDpw=="],

    "@oxfmt/binding-linux-x64-gnu": ["@oxfmt/binding-linux-x64-gnu@0.41.0", "", { "os": "linux", "cpu": "x64" }, "sha512-ojxYWu7vUb6ysYqVCPHuAPVZHAI40gfZ0PDtZAMwVmh2f0V8ExpPIKoAKr7/8sNbAXJBBpZhs2coypIo2jJX4w=="],

    "@oxfmt/binding-linux-x64-musl": ["@oxfmt/binding-linux-x64-musl@0.41.0", "", { "os": "linux", "cpu": "x64" }, "sha512-O2exZLBxoCMIv2vlvcbkdedazJPTdG0VSup+0QUCfYQtx751zCZNboX2ZUOiQ/gDTdhtXvSiot0h6GEGkOyalA=="],

    "@oxfmt/binding-openharmony-arm64": ["@oxfmt/binding-openharmony-arm64@0.41.0", "", { "os": "none", "cpu": "arm64" }, "sha512-N+31/VoL+z+NNBt8viy3I4NaIdPbiYeOnB884LKqvXldaE2dRztdPv3q5ipfZYv0RwFp7JfqS4I27K/DSHCakg=="],

    "@oxfmt/binding-win32-arm64-msvc": ["@oxfmt/binding-win32-arm64-msvc@0.41.0", "", { "os": "win32", "cpu": "arm64" }, "sha512-Z7NAtu/RN8kjCQ1y5oDD0nTAeRswh3GJ93qwcW51srmidP7XPBmZbLlwERu1W5veCevQJtPS9xmkpcDTYsGIwQ=="],

    "@oxfmt/binding-win32-ia32-msvc": ["@oxfmt/binding-win32-ia32-msvc@0.41.0", "", { "os": "win32", "cpu": "ia32" }, "sha512-uNxxP3l4bJ6VyzIeRqCmBU2Q0SkCFgIhvx9/9dJ9V8t/v+jP1IBsuaLwCXGR8JPHtkj4tFp+RHtUmU2ZYAUpMA=="],

    "@oxfmt/binding-win32-x64-msvc": ["@oxfmt/binding-win32-x64-msvc@0.41.0", "", { "os": "win32", "cpu": "x64" }, "sha512-49ZSpbZ1noozyPapE8SUOSm3IN0Ze4b5nkO+4+7fq6oEYQQJFhE0saj5k/Gg4oewVPdjn0L3ZFeWk2Vehjcw7A=="],

    "@oxlint-tsgolint/darwin-arm64": ["@oxlint-tsgolint/darwin-arm64@0.17.1", "", { "os": "darwin", "cpu": "arm64" }, "sha512-JNWNwyvSDcUQSBlQRl10XrCeNcN66TMvDw3gIDQeop5SNa1F7wFhsEx4zitYb7fGHwGh9095tsNttmuCaNXCbw=="],

    "@oxlint-tsgolint/darwin-x64": ["@oxlint-tsgolint/darwin-x64@0.17.1", "", { "os": "darwin", "cpu": "x64" }, "sha512-SluNf6CW88pgGPqQUGC5GoK5qESWo2ct1PRDbza3vbf9SK2npx3igvylGQIgE9qYYOcjgnVdLOJ0+q0gItgUmQ=="],

    "@oxlint-tsgolint/linux-arm64": ["@oxlint-tsgolint/linux-arm64@0.17.1", "", { "os": "linux", "cpu": "arm64" }, "sha512-BJxQ7/cdo2dNdGIBs2PIR6BaPA7cPfe+r1HE/uY+K7g2ygip+0LHB3GUO9GaNDZuWpsnDyjLYYowEGrVK8dokA=="],

    "@oxlint-tsgolint/linux-x64": ["@oxlint-tsgolint/linux-x64@0.17.1", "", { "os": "linux", "cpu": "x64" }, "sha512-s6UjmuaJbZ4zz/wJKdEw/s5mc0t41rgwxQJCSHPuzMumMK6ylrB7nydhDf8ObTtzhTIZdAS/2S/uayJmDcGbxw=="],

    "@oxlint-tsgolint/win32-arm64": ["@oxlint-tsgolint/win32-arm64@0.17.1", "", { "os": "win32", "cpu": "arm64" }, "sha512-EO/Oj0ixHX+UQdu9hM7YUzibZI888MvPUo/DF8lSxFBt4JNEt8qGkwJEbCYjB/1LhUNmPHzSw2Tr9dCFVfW9nw=="],

    "@oxlint-tsgolint/win32-x64": ["@oxlint-tsgolint/win32-x64@0.17.1", "", { "os": "win32", "cpu": "x64" }, "sha512-jhv7XktAJ1sMRSb//yDYTauFSZ06H81i2SLEBPaSUKxSKoPMK8p1ACUJlnmwZX2MgapRLEj1Ml22B6+HiM2YIA=="],

    "@oxlint/binding-android-arm-eabi": ["@oxlint/binding-android-arm-eabi@1.56.0", "", { "os": "android", "cpu": "arm" }, "sha512-IyfYPthZyiSKwAv/dLjeO18SaK8MxLI9Yss2JrRDyweQAkuL3LhEy7pwIwI7uA3KQc1Vdn20kdmj3q0oUIQL6A=="],

    "@oxlint/binding-android-arm64": ["@oxlint/binding-android-arm64@1.56.0", "", { "os": "android", "cpu": "arm64" }, "sha512-Ga5zYrzH6vc/VFxhn6MmyUnYEfy9vRpwTIks99mY3j6Nz30yYpIkWryI0QKPCgvGUtDSXVLEaMum5nA+WrNOSg=="],

    "@oxlint/binding-darwin-arm64": ["@oxlint/binding-darwin-arm64@1.56.0", "", { "os": "darwin", "cpu": "arm64" }, "sha512-ogmbdJysnw/D4bDcpf1sPLpFThZ48lYp4aKYm10Z/6Nh1SON6NtnNhTNOlhEY296tDFItsZUz+2tgcSYqh8Eyw=="],

    "@oxlint/binding-darwin-x64": ["@oxlint/binding-darwin-x64@1.56.0", "", { "os": "darwin", "cpu": "x64" }, "sha512-x8QE1h+RAtQ2g+3KPsP6Fk/tdz6zJQUv5c7fTrJxXV3GHOo+Ry5p/PsogU4U+iUZg0rj6hS+E4xi+mnwwlDCWQ=="],

    "@oxlint/binding-freebsd-x64": ["@oxlint/binding-freebsd-x64@1.56.0", "", { "os": "freebsd", "cpu": "x64" }, "sha512-6G+WMZvwJpMvY7my+/SHEjb7BTk/PFbePqLpmVmUJRIsJMy/UlyYqjpuh0RCgYYkPLcnXm1rUM04kbTk8yS1Yg=="],

    "@oxlint/binding-linux-arm-gnueabihf": ["@oxlint/binding-linux-arm-gnueabihf@1.56.0", "", { "os": "linux", "cpu": "arm" }, "sha512-YYHBsk/sl7fYwQOok+6W5lBPeUEvisznV/HZD2IfZmF3Bns6cPC3Z0vCtSEOaAWTjYWN3jVsdu55jMxKlsdlhg=="],

    "@oxlint/binding-linux-arm-musleabihf": ["@oxlint/binding-linux-arm-musleabihf@1.56.0", "", { "os": "linux", "cpu": "arm" }, "sha512-+AZK8rOUr78y8WT6XkDb04IbMRqauNV+vgT6f8ZLOH8wnpQ9i7Nol0XLxAu+Cq7Sb+J9wC0j6Km5hG8rj47/yQ=="],

    "@oxlint/binding-linux-arm64-gnu": ["@oxlint/binding-linux-arm64-gnu@1.56.0", "", { "os": "linux", "cpu": "arm64" }, "sha512-urse2SnugwJRojUkGSSeH2LPMaje5Q50yQtvtL9HFckiyeqXzoFwOAZqD5TR29R2lq7UHidfFDM9EGcchcbb8A=="],

    "@oxlint/binding-linux-arm64-musl": ["@oxlint/binding-linux-arm64-musl@1.56.0", "", { "os": "linux", "cpu": "arm64" }, "sha512-rkTZkBfJ4TYLjansjSzL6mgZOdN5IvUnSq3oNJSLwBcNvy3dlgQtpHPrRxrCEbbcp7oQ6If0tkNaqfOsphYZ9g=="],

    "@oxlint/binding-linux-ppc64-gnu": ["@oxlint/binding-linux-ppc64-gnu@1.56.0", "", { "os": "linux", "cpu": "ppc64" }, "sha512-uqL1kMH3u69/e1CH2EJhP3CP28jw2ExLsku4o8RVAZ7fySo9zOyI2fy9pVlTAp4voBLVgzndXi3SgtdyCTa2aA=="],

    "@oxlint/binding-linux-riscv64-gnu": ["@oxlint/binding-linux-riscv64-gnu@1.56.0", "", { "os": "linux", "cpu": "none" }, "sha512-j0CcMBOgV6KsRaBdsebIeiy7hCjEvq2KdEsiULf2LZqAq0v1M1lWjelhCV57LxsqaIGChXFuFJ0RiFrSRHPhSg=="],

    "@oxlint/binding-linux-riscv64-musl": ["@oxlint/binding-linux-riscv64-musl@1.56.0", "", { "os": "linux", "cpu": "none" }, "sha512-7VDOiL8cDG3DQ/CY3yKjbV1c4YPvc4vH8qW09Vv+5ukq3l/Kcyr6XGCd5NvxUmxqDb2vjMpM+eW/4JrEEsUetA=="],

    "@oxlint/binding-linux-s390x-gnu": ["@oxlint/binding-linux-s390x-gnu@1.56.0", "", { "os": "linux", "cpu": "s390x" }, "sha512-JGRpX0M+ikD3WpwJ7vKcHKV6Kg0dT52BW2Eu2BupXotYeqGXBrbY+QPkAyKO6MNgKozyTNaRh3r7g+VWgyAQYQ=="],

    "@oxlint/binding-linux-x64-gnu": ["@oxlint/binding-linux-x64-gnu@1.56.0", "", { "os": "linux", "cpu": "x64" }, "sha512-dNaICPvtmuxFP/VbqdofrLqdS3bM/AKJN3LMJD52si44ea7Be1cBk6NpfIahaysG9Uo+L98QKddU9CD5L8UHnQ=="],

    "@oxlint/binding-linux-x64-musl": ["@oxlint/binding-linux-x64-musl@1.56.0", "", { "os": "linux", "cpu": "x64" }, "sha512-pF1vOtM+GuXmbklM1hV8WMsn6tCNPvkUzklj/Ej98JhlanbmA2RB1BILgOpwSuCTRTIYx2MXssmEyQQ90QF5aA=="],

    "@oxlint/binding-openharmony-arm64": ["@oxlint/binding-openharmony-arm64@1.56.0", "", { "os": "none", "cpu": "arm64" }, "sha512-bp8NQ4RE6fDIFLa4bdBiOA+TAvkNkg+rslR+AvvjlLTYXLy9/uKAYLQudaQouWihLD/hgkrXIKKzXi5IXOewwg=="],

    "@oxlint/binding-win32-arm64-msvc": ["@oxlint/binding-win32-arm64-msvc@1.56.0", "", { "os": "win32", "cpu": "arm64" }, "sha512-PxT4OJDfMOQBzo3OlzFb9gkoSD+n8qSBxyVq2wQSZIHFQYGEqIRTo9M0ZStvZm5fdhMqaVYpOnJvH2hUMEDk/g=="],

    "@oxlint/binding-win32-ia32-msvc": ["@oxlint/binding-win32-ia32-msvc@1.56.0", "", { "os": "win32", "cpu": "ia32" }, "sha512-PTRy6sIEPqy2x8PTP1baBNReN/BNEFmde0L+mYeHmjXE1Vlcc9+I5nsqENsB2yAm5wLkzPoTNCMY/7AnabT4/A=="],

    "@oxlint/binding-win32-x64-msvc": ["@oxlint/binding-win32-x64-msvc@1.56.0", "", { "os": "win32", "cpu": "x64" }, "sha512-ZHa0clocjLmIDr+1LwoWtxRcoYniAvERotvwKUYKhH41NVfl0Y4LNbyQkwMZzwDvKklKGvGZ5+DAG58/Ik47tQ=="],

    "@standard-schema/spec": ["@standard-schema/spec@1.1.0", "", {}, "sha512-l2aFy5jALhniG5HgqrD6jXLi/rUWrKvqN/qJx6yoJsgKhblVd+iqqU4RCXavm/jPityDo5TCvKMnpjKnOriy0w=="],

    "@turbo/darwin-64": ["@turbo/darwin-64@2.8.18", "", { "os": "darwin", "cpu": "x64" }, "sha512-3QNJ8VR2y1+AZX1HRB2uAvBWHWYpyWMYuDPAPHwhmpC74YweQmPh41dQZ9fkNcgT1eZNgYKf6Q3Hq7i0XK3Ybg=="],

    "@turbo/darwin-arm64": ["@turbo/darwin-arm64@2.8.18", "", { "os": "darwin", "cpu": "arm64" }, "sha512-kiFEHQ+l64yzRtFcBSdHG9s/EF3aEzzmkuR8e1ygv7ol1YnWwz5EQEbZz6Ajt1sNYYRlo0GXw/d1YanVS9KWPA=="],

    "@turbo/linux-64": ["@turbo/linux-64@2.8.18", "", { "os": "linux", "cpu": "x64" }, "sha512-GlMHBGfob6pOQv7t6imx11O0WJapVVNcJxw+HkliIr1ez8vr8SskM7njqOtqKBTaooCmGA71BFInNRZNYO9qlg=="],

    "@turbo/linux-arm64": ["@turbo/linux-arm64@2.8.18", "", { "os": "linux", "cpu": "arm64" }, "sha512-ogWEZ8K/NznjnJU1idHYOA62Y7xYyMnt+kKTZzRNJ9Ye2japtjDkixC31yHaA9QJayb+yS5V8gNDjVfh2yGrIw=="],

    "@turbo/windows-64": ["@turbo/windows-64@2.8.18", "", { "os": "win32", "cpu": "x64" }, "sha512-29g6qryc18ls7BKUmVsjjHAbx2eDgab5CUSPhbCKZYCBfzaW+i79wCzyVoC0NJ8IRNwbLch2QEzgGEoRC6uGOQ=="],

    "@turbo/windows-arm64": ["@turbo/windows-arm64@2.8.18", "", { "os": "win32", "cpu": "arm64" }, "sha512-hLsgNDzDDO+Tq2YJ9uvmB2PFTYCgeNj6cyAOOBZP9rsOx0kxNBo4/OvDIgYl/cfo7wsoRBxNQ9giYR+rZMcAjA=="],

    "@types/bun": ["@types/bun@1.3.10", "", { "dependencies": { "bun-types": "1.3.10" } }, "sha512-0+rlrUrOrTSskibryHbvQkDOWRJwJZqZlxrUs1u4oOoTln8+WIXBPmAuCF35SWB2z4Zl3E84Nl/D0P7803nigQ=="],

    "@types/node": ["@types/node@25.5.0", "", { "dependencies": { "undici-types": "~7.18.0" } }, "sha512-jp2P3tQMSxWugkCUKLRPVUpGaL5MVFwF8RDuSRztfwgN1wmqJeMSbKlnEtQqU8UrhTmzEmZdu2I6v2dpp7XIxw=="],

    "@types/turndown": ["@types/turndown@5.0.6", "", {}, "sha512-ru00MoyeeouE5BX4gRL+6m/BsDfbRayOskWqUvh7CLGW+UXxHQItqALa38kKnOiZPqJrtzJUgAC2+F0rL1S4Pg=="],

    "@types/ws": ["@types/ws@8.18.1", "", { "dependencies": { "@types/node": "*" } }, "sha512-ThVF6DCVhA8kUGy+aazFQ4kXQ7E1Ty7A3ypFOe0IcJV8O/M511G99AW24irKrW56Wt44yG9+ij8FaqoBGkuBXg=="],

    "@typescript/native-preview": ["@typescript/native-preview@7.0.0-dev.20260321.1", "", { "optionalDependencies": { "@typescript/native-preview-darwin-arm64": "7.0.0-dev.20260321.1", "@typescript/native-preview-darwin-x64": "7.0.0-dev.20260321.1", "@typescript/native-preview-linux-arm": "7.0.0-dev.20260321.1", "@typescript/native-preview-linux-arm64": "7.0.0-dev.20260321.1", "@typescript/native-preview-linux-x64": "7.0.0-dev.20260321.1", "@typescript/native-preview-win32-arm64": "7.0.0-dev.20260321.1", "@typescript/native-preview-win32-x64": "7.0.0-dev.20260321.1" }, "bin": { "tsgo": "bin/tsgo.js" } }, "sha512-uScJZRWRxyi1l4EWwOtuO88Gh8sUTi0itcI4oKlyNtXkqik4Y7EHfs1sfYPDuAEJO3cvW6bqohHjGx3mcXSZzQ=="],

    "@typescript/native-preview-darwin-arm64": ["@typescript/native-preview-darwin-arm64@7.0.0-dev.20260321.1", "", { "os": "darwin", "cpu": "arm64" }, "sha512-3LQP363bDCF/pmXqzhSCSkKXr1PpNl2elC167YFRPKRyJdrETiIwj3YAB8A6esn9D30pas5VLzfmeK/tUOf+6g=="],

    "@typescript/native-preview-darwin-x64": ["@typescript/native-preview-darwin-x64@7.0.0-dev.20260321.1", "", { "os": "darwin", "cpu": "x64" }, "sha512-gCoKiv415CROgl0K8hEV8Lw/zvbYriWWmD7VxvpiQiTRqQmHppVXhLtb2OrGaPcsqpoBdYeCJQHN4wnohAkNLA=="],

    "@typescript/native-preview-linux-arm": ["@typescript/native-preview-linux-arm@7.0.0-dev.20260321.1", "", { "os": "linux", "cpu": "arm" }, "sha512-QuAFR9eFQzuqtKTIaJ5XkNR4i5Q55b1SE7fUcIAS528aY9j+5P1cMpvJa8aOBCuRKxfMgV5UtamolZKGWWzaMw=="],

    "@typescript/native-preview-linux-arm64": ["@typescript/native-preview-linux-arm64@7.0.0-dev.20260321.1", "", { "os": "linux", "cpu": "arm64" }, "sha512-15z7UWt0PG870ktcUbaa0NogAjXIYT4pSFWlsc95u8+1aITrBTMQgqRih5qUH8bHke3eeYwbpjfXaU4gNmexvw=="],

    "@typescript/native-preview-linux-x64": ["@typescript/native-preview-linux-x64@7.0.0-dev.20260321.1", "", { "os": "linux", "cpu": "x64" }, "sha512-8yuzwkxQnNSpXjXK43Y5Pn6rBfNbJVIcd3Qh9n3Tzhgtr+lcoGgwgMvn8axnqaazkxIUB3PZuiGRcqr6XIq3LA=="],

    "@typescript/native-preview-win32-arm64": ["@typescript/native-preview-win32-arm64@7.0.0-dev.20260321.1", "", { "os": "win32", "cpu": "arm64" }, "sha512-fCUk/VElUjMFmE6iFAtsy5r7kLxeLggEHOTWuR0HGYIUQze6EyAdDFqMPFFxvbzpUyFQFpRfUa0I/Fa5tqKh8g=="],

    "@typescript/native-preview-win32-x64": ["@typescript/native-preview-win32-x64@7.0.0-dev.20260321.1", "", { "os": "win32", "cpu": "x64" }, "sha512-CWGyck7+sbNwOhcL+ObHhtKZe2/+Y6OZlEdWX2mHjpv8ef7ohUbPCdS94p+e7jbVY56w8NAce2Xx7ppn/C1Ucg=="],

    "bun-types": ["bun-types@1.3.10", "", { "dependencies": { "@types/node": "*" } }, "sha512-tcpfCCl6XWo6nCVnpcVrxQ+9AYN1iqMIzgrSKYMB/fjLtV2eyAVEg7AxQJuCq/26R6HpKWykQXuSOq/21RYcbg=="],

    "detect-libc": ["detect-libc@2.1.2", "", {}, "sha512-Btj2BOOO83o3WyH59e8MgXsxEQVcarkUOpEYrubB0urwnN10yQ364rsiByU11nZlqWYZm05i/of7io4mzihBtQ=="],

    "effect": ["effect@4.0.0-beta.33", "", { "dependencies": { "@standard-schema/spec": "^1.1.0", "fast-check": "^4.5.3", "find-my-way-ts": "^0.1.6", "ini": "^6.0.0", "kubernetes-types": "^1.30.0", "msgpackr": "^1.11.8", "multipasta": "^0.2.7", "toml": "^3.0.0", "uuid": "^13.0.0", "yaml": "^2.8.2" } }, "sha512-ln9emWPd1SemokSdOV43r2CbH1j8GTe9qbPvttmh9/j2OR0WNmj7UpjbN34llQgF9QV4IdcN6QdV2w8G7B7RyQ=="],

    "fast-check": ["fast-check@4.6.0", "", { "dependencies": { "pure-rand": "^8.0.0" } }, "sha512-h7H6Dm0Fy+H4ciQYFxFjXnXkzR2kr9Fb22c0UBpHnm59K2zpr2t13aPTHlltFiNT6zuxp6HMPAVVvgur4BLdpA=="],

    "find-my-way-ts": ["find-my-way-ts@0.1.6", "", {}, "sha512-a85L9ZoXtNAey3Y6Z+eBWW658kO/MwR7zIafkIUPUMf3isZG0NCs2pjW2wtjxAKuJPxMAsHUIP4ZPGv0o5gyTA=="],

    "ini": ["ini@6.0.0", "", {}, "sha512-IBTdIkzZNOpqm7q3dRqJvMaldXjDHWkEDfrwGEQTs5eaQMWV+djAhR+wahyNNMAa+qpbDUhBMVt4ZKNwpPm7xQ=="],

    "kubernetes-types": ["kubernetes-types@1.30.0", "", {}, "sha512-Dew1okvhM/SQcIa2rcgujNndZwU8VnSapDgdxlYoB84ZlpAD43U6KLAFqYo17ykSFGHNPrg0qry0bP+GJd9v7Q=="],

    "msgpackr": ["msgpackr@1.11.9", "", { "optionalDependencies": { "msgpackr-extract": "^3.0.2" } }, "sha512-FkoAAyyA6HM8wL882EcEyFZ9s7hVADSwG9xrVx3dxxNQAtgADTrJoEWivID82Iv1zWDsv/OtbrrcZAzGzOMdNw=="],

    "msgpackr-extract": ["msgpackr-extract@3.0.3", "", { "dependencies": { "node-gyp-build-optional-packages": "5.2.2" }, "optionalDependencies": { "@msgpackr-extract/msgpackr-extract-darwin-arm64": "3.0.3", "@msgpackr-extract/msgpackr-extract-darwin-x64": "3.0.3", "@msgpackr-extract/msgpackr-extract-linux-arm": "3.0.3", "@msgpackr-extract/msgpackr-extract-linux-arm64": "3.0.3", "@msgpackr-extract/msgpackr-extract-linux-x64": "3.0.3", "@msgpackr-extract/msgpackr-extract-win32-x64": "3.0.3" }, "bin": { "download-msgpackr-prebuilds": "bin/download-prebuilds.js" } }, "sha512-P0efT1C9jIdVRefqjzOQ9Xml57zpOXnIuS+csaB4MdZbTdmGDLo8XhzBG1N7aO11gKDDkJvBLULeFTo46wwreA=="],

    "multipasta": ["multipasta@0.2.7", "", {}, "sha512-KPA58d68KgGil15oDqXjkUBEBYc00XvbPj5/X+dyzeo/lWm9Nc25pQRlf1D+gv4OpK7NM0J1odrbu9JNNGvynA=="],

    "node-gyp-build-optional-packages": ["node-gyp-build-optional-packages@5.2.2", "", { "dependencies": { "detect-libc": "^2.0.1" }, "bin": { "node-gyp-build-optional-packages": "bin.js", "node-gyp-build-optional-packages-optional": "optional.js", "node-gyp-build-optional-packages-test": "build-test.js" } }, "sha512-s+w+rBWnpTMwSFbaE0UXsRlg7hU4FjekKU4eyAih5T8nJuNZT1nNsskXpxmeqSK9UzkBl6UgRlnKc8hz8IEqOw=="],

    "open-azdo": ["open-azdo@workspace:apps/open-azdo"],

    "oxfmt": ["oxfmt@0.41.0", "", { "dependencies": { "tinypool": "2.1.0" }, "optionalDependencies": { "@oxfmt/binding-android-arm-eabi": "0.41.0", "@oxfmt/binding-android-arm64": "0.41.0", "@oxfmt/binding-darwin-arm64": "0.41.0", "@oxfmt/binding-darwin-x64": "0.41.0", "@oxfmt/binding-freebsd-x64": "0.41.0", "@oxfmt/binding-linux-arm-gnueabihf": "0.41.0", "@oxfmt/binding-linux-arm-musleabihf": "0.41.0", "@oxfmt/binding-linux-arm64-gnu": "0.41.0", "@oxfmt/binding-linux-arm64-musl": "0.41.0", "@oxfmt/binding-linux-ppc64-gnu": "0.41.0", "@oxfmt/binding-linux-riscv64-gnu": "0.41.0", "@oxfmt/binding-linux-riscv64-musl": "0.41.0", "@oxfmt/binding-linux-s390x-gnu": "0.41.0", "@oxfmt/binding-linux-x64-gnu": "0.41.0", "@oxfmt/binding-linux-x64-musl": "0.41.0", "@oxfmt/binding-openharmony-arm64": "0.41.0", "@oxfmt/binding-win32-arm64-msvc": "0.41.0", "@oxfmt/binding-win32-ia32-msvc": "0.41.0", "@oxfmt/binding-win32-x64-msvc": "0.41.0" }, "bin": { "oxfmt": "bin/oxfmt" } }, "sha512-sKLdJZdQ3bw6x9qKiT7+eID4MNEXlDHf5ZacfIircrq6Qwjk0L6t2/JQlZZrVHTXJawK3KaMuBoJnEJPcqCEdg=="],

    "oxlint": ["oxlint@1.56.0", "", { "optionalDependencies": { "@oxlint/binding-android-arm-eabi": "1.56.0", "@oxlint/binding-android-arm64": "1.56.0", "@oxlint/binding-darwin-arm64": "1.56.0", "@oxlint/binding-darwin-x64": "1.56.0", "@oxlint/binding-freebsd-x64": "1.56.0", "@oxlint/binding-linux-arm-gnueabihf": "1.56.0", "@oxlint/binding-linux-arm-musleabihf": "1.56.0", "@oxlint/binding-linux-arm64-gnu": "1.56.0", "@oxlint/binding-linux-arm64-musl": "1.56.0", "@oxlint/binding-linux-ppc64-gnu": "1.56.0", "@oxlint/binding-linux-riscv64-gnu": "1.56.0", "@oxlint/binding-linux-riscv64-musl": "1.56.0", "@oxlint/binding-linux-s390x-gnu": "1.56.0", "@oxlint/binding-linux-x64-gnu": "1.56.0", "@oxlint/binding-linux-x64-musl": "1.56.0", "@oxlint/binding-openharmony-arm64": "1.56.0", "@oxlint/binding-win32-arm64-msvc": "1.56.0", "@oxlint/binding-win32-ia32-msvc": "1.56.0", "@oxlint/binding-win32-x64-msvc": "1.56.0" }, "peerDependencies": { "oxlint-tsgolint": ">=0.15.0" }, "optionalPeers": ["oxlint-tsgolint"], "bin": { "oxlint": "bin/oxlint" } }, "sha512-Q+5Mj5PVaH/R6/fhMMFzw4dT+KPB+kQW4kaL8FOIq7tfhlnEVp6+3lcWqFruuTNlUo9srZUW3qH7Id4pskeR6g=="],

    "oxlint-tsgolint": ["oxlint-tsgolint@0.17.1", "", { "optionalDependencies": { "@oxlint-tsgolint/darwin-arm64": "0.17.1", "@oxlint-tsgolint/darwin-x64": "0.17.1", "@oxlint-tsgolint/linux-arm64": "0.17.1", "@oxlint-tsgolint/linux-x64": "0.17.1", "@oxlint-tsgolint/win32-arm64": "0.17.1", "@oxlint-tsgolint/win32-x64": "0.17.1" }, "bin": { "tsgolint": "bin/tsgolint.js" } }, "sha512-gJc7hb1ZQFbWjRDYpu1XG+5IRdr1S/Jz/W2ohcpaqIXuDmHU0ujGiM0x05J0nIfwMF3HOEcANi/+j6T0Uecdpg=="],

    "pure-rand": ["pure-rand@8.2.0", "", {}, "sha512-KHnUjm68KSO/hqpWlVwagMDPrIjnDNY9r0DbKN79xEa5RU2MLUe0lICBGpWDF8cwmhUiN8r9A8DLGPVcFB62/A=="],

    "tinypool": ["tinypool@2.1.0", "", {}, "sha512-Pugqs6M0m7Lv1I7FtxN4aoyToKg1C4tu+/381vH35y8oENM/Ai7f7C4StcoK4/+BSw9ebcS8jRiVrORFKCALLw=="],

    "toml": ["toml@3.0.0", "", {}, "sha512-y/mWCZinnvxjTKYhJ+pYxwD0mRLVvOtdS2Awbgxln6iEnt4rk0yBxeSBHkGJcPucRiG0e55mwWp+g/05rsrd6w=="],

    "turbo": ["turbo@2.8.18", "", { "optionalDependencies": { "@turbo/darwin-64": "2.8.18", "@turbo/darwin-arm64": "2.8.18", "@turbo/linux-64": "2.8.18", "@turbo/linux-arm64": "2.8.18", "@turbo/windows-64": "2.8.18", "@turbo/windows-arm64": "2.8.18" }, "bin": { "turbo": "bin/turbo" } }, "sha512-ZO5aYR8wXIcZ+KRL8W7RFWbqIRDyYHtesF/g9zPMndmq+KkX34qrZgG9M+YswJ6BGX4jlYC1FlJjleKENagJdw=="],

    "turndown": ["turndown@7.2.2", "", { "dependencies": { "@mixmark-io/domino": "^2.2.0" } }, "sha512-1F7db8BiExOKxjSMU2b7if62D/XOyQyZbPKq/nUwopfgnHlqXHqQ0lvfUTeUIr1lZJzOPFn43dODyMSIfvWRKQ=="],

    "typescript": ["typescript@6.0.0-dev.20260321", "", { "bin": { "tsc": "bin/tsc", "tsserver": "bin/tsserver" } }, "sha512-q8KCek0F7l5bNyR69CIk+eYmg2i8Xiz2WOe61P9/wTpmaRo+IL9hBByioZjvsofLBh5hRMBvRDq159JHtR2s3Q=="],

    "undici-types": ["undici-types@7.18.2", "", {}, "sha512-AsuCzffGHJybSaRrmr5eHr81mwJU3kjw6M+uprWvCXiNeN9SOGwQ3Jn8jb8m3Z6izVgknn1R0FTCEAP2QrLY/w=="],

    "uuid": ["uuid@13.0.0", "", { "bin": { "uuid": "dist-node/bin/uuid" } }, "sha512-XQegIaBTVUjSHliKqcnFqYypAd4S+WCYt5NIeRs6w/UAry7z8Y9j5ZwRRL4kzq9U3sD6v+85er9FvkEaBpji2w=="],

    "ws": ["ws@8.19.0", "", { "peerDependencies": { "bufferutil": "^4.0.1", "utf-8-validate": ">=5.0.2" }, "optionalPeers": ["bufferutil", "utf-8-validate"] }, "sha512-blAT2mjOEIi0ZzruJfIhb3nps74PRWTCz1IjglWEEpQl5XS/UNama6u2/rjFkDDouqr4L67ry+1aGIALViWjDg=="],

    "yaml": ["yaml@2.8.2", "", { "bin": { "yaml": "bin.mjs" } }, "sha512-mplynKqc1C2hTVYxd0PU2xQAc22TI1vShAYGksCCfxbn/dFwnHTNi1bvYsBTkhdUNtGIf5xNOg938rrSSYvS9A=="],
  }
}
